
Microsoft Visual Studio Solution File, Format Version 12.00
## Visual Studio Version 16
VisualStudioVersion = 16.0.33027.164
MinimumVisualStudioVersion = 10.0.40219.1
Project("{FAE04EC0-301F-11D3-BF4B-00C04F79EFBC}") = "PZ_APP", "PZ_APP\PZ_APP.csproj", "{C1A67EAC-7578-4487-9F51-927A6885D369}"
EndProject
Global
	GlobalSection(SolutionConfigurationPlatforms) = preSolution
		Debug|Any CPU = Debug|Any CPU
		Release|Any CPU = Release|Any CPU
	EndGlobalSection
	GlobalSection(ProjectConfigurationPlatforms) = postSolution
		{C1A67EAC-7578-4487-9F51-927A6885D369}.Debug|Any CPU.ActiveCfg = Debug|Any CPU
		{C1A67EAC-7578-4487-9F51-927A6885D369}.Debug|Any CPU.Build.0 = Debug|Any CPU
		{C1A67EAC-7578-4487-9F51-927A6885D369}.Release|Any CPU.ActiveCfg = Release|Any CPU
		{C1A67EAC-7578-4487-9F51-927A6885D369}.Release|Any CPU.Build.0 = Release|Any CPU
	EndGlobalSection
	GlobalSection(SolutionProperties) = preSolution
		HideSolutionNode = FALSE
	EndGlobalSection
	GlobalSection(ExtensibilityGlobals) = postSolution
		SolutionGuid = {CECE6021-7331-4BC7-B3FD-3990A190A17C}
	EndGlobalSection
EndGlobal
